<?xml version="1.0" encoding="utf-8"?>
<Project ToolsVersion="4.0" xmlns="http://schemas.microsoft.com/developer/msbuild/2003">
  <ItemGroup>
    <CudaCompile Include="kernel.cu" />
    <CudaCompile Include="parallel_add.cu">
      <Filter>medium_mah</Filter>
    </CudaCompile>
    <CudaCompile Include="matrix_mul.cu">
      <Filter>medium_mah</Filter>
    </CudaCompile>
  </ItemGroup>
  <ItemGroup>
    <Filter Include="medium_mah">
      <UniqueIdentifier>{05262f20-41b2-4663-9b50-c7f58849f46a}</UniqueIdentifier>
    </Filter>
  </ItemGroup>
  <ItemGroup>
    <ClCompile Include="seq_add.cpp">
      <Filter>medium_mah</Filter>
    </ClCompile>
  </ItemGroup>
</Project>