
Microsoft Visual Studio Solution File, Format Version 12.00
# Visual Studio Version 16
VisualStudioVersion = 16.0.33027.164
MinimumVisualStudioVersion = 10.0.40219.1
Project("{8BC9CEB8-8B4A-11D0-8D11-00A0C91BC942}") = "CudaNN", "CudaNN\CudaNN.vcxproj", "{0402F468-69D9-4EEF-94A0-EAA1BAD7E12D}"
EndProject
Global
	GlobalSection(SolutionConfigurationPlatforms) = preSolution
		Debug|x64 = Debug|x64
		Release|x64 = Release|x64
	EndGlobalSection
	GlobalSection(ProjectConfigurationPlatforms) = postSolution
		{0402F468-69D9-4EEF-94A0-EAA1BAD7E12D}.Debug|x64.ActiveCfg = Debug|x64
		{0402F468-69D9-4EEF-94A0-EAA1BAD7E12D}.Debug|x64.Build.0 = Debug|x64
		{0402F468-69D9-4EEF-94A0-EAA1BAD7E12D}.Release|x64.ActiveCfg = Release|x64
		{0402F468-69D9-4EEF-94A0-EAA1BAD7E12D}.Release|x64.Build.0 = Release|x64
	EndGlobalSection
	GlobalSection(SolutionProperties) = preSolution
		HideSolutionNode = FALSE
	EndGlobalSection
	GlobalSection(ExtensibilityGlobals) = postSolution
		SolutionGuid = {F9C0D0A4-F9F7-45DC-90DF-271DC185DB69}
	EndGlobalSection
EndGlobal
